
Microsoft Visual Studio Solution File, Format Version 12.00
# Visual Studio 15
VisualStudioVersion = 15.0.27004.2005
MinimumVisualStudioVersion = 10.0.40219.1
Project("{FAE04EC0-301F-11D3-BF4B-00C04F79EFBC}") = "IMSApps_v1", "IMSApps_v1\IMSApps_v1.csproj", "{4BD9D0CD-5D88-4048-A638-C1529579E550}"
EndProject
Global
	GlobalSection(SolutionConfigurationPlatforms) = preSolution
		Debug|Any CPU = Debug|Any CPU
		Release|Any CPU = Release|Any CPU
	EndGlobalSection
	GlobalSection(ProjectConfigurationPlatforms) = postSolution
		{4BD9D0CD-5D88-4048-A638-C1529579E550}.Debug|Any CPU.ActiveCfg = Debug|Any CPU
		{4BD9D0CD-5D88-4048-A638-C1529579E550}.Debug|Any CPU.Build.0 = Debug|Any CPU
		{4BD9D0CD-5D88-4048-A638-C1529579E550}.Release|Any CPU.ActiveCfg = Release|Any CPU
		{4BD9D0CD-5D88-4048-A638-C1529579E550}.Release|Any CPU.Build.0 = Release|Any CPU
	EndGlobalSection
	GlobalSection(SolutionProperties) = preSolution
		HideSolutionNode = FALSE
	EndGlobalSection
	GlobalSection(ExtensibilityGlobals) = postSolution
		SolutionGuid = {9BA95E37-7BB0-46AD-9DB4-7DAAC5B4CCB4}
	EndGlobalSection
EndGlobal
